
Microsoft Visual Studio Solution File, Format Version 12.00
Project("{FAE04EC0-301F-11D3-BF4B-00C04F79EFBC}") = "TodoApp", "TodoApp\TodoApp.csproj", "{CCB1C218-A8B7-4621-8A40-499AE2D430CD}"
EndProject
Global
	GlobalSection(SolutionConfigurationPlatforms) = preSolution
		Debug|Any CPU = Debug|Any CPU
		Release|Any CPU = Release|Any CPU
	EndGlobalSection
	GlobalSection(ProjectConfigurationPlatforms) = postSolution
		{CCB1C218-A8B7-4621-8A40-499AE2D430CD}.Debug|Any CPU.ActiveCfg = Debug|Any CPU
		{CCB1C218-A8B7-4621-8A40-499AE2D430CD}.Debug|Any CPU.Build.0 = Debug|Any CPU
		{CCB1C218-A8B7-4621-8A40-499AE2D430CD}.Release|Any CPU.ActiveCfg = Release|Any CPU
		{CCB1C218-A8B7-4621-8A40-499AE2D430CD}.Release|Any CPU.Build.0 = Release|Any CPU
	EndGlobalSection
EndGlobal
